PODS:
  - Masonry (1.1.0)
  - YIForm (0.1.8)

DEPENDENCIES:
  - Masonry
  - YIForm (from `../`)

SPEC REPOS:
  trunk:
    - Masonry

EXTERNAL SOURCES:
  YIForm:
    :path: "../"

SPEC CHECKSUMS:
  Masonry: 678fab65091a9290e40e2832a55e7ab731aad201
  YIForm: cd30fce54f329e2881e7e04171721a3a203f51c3

PODFILE CHECKSUM: 4c691d81b545cfa6f42ba9e156b758ad7022bb65

COCOAPODS: 1.10.0
