PODS:
  - Masonry (1.1.0)
  - YIForm (0.1.7):
    - Masonry

DEPENDENCIES:
  - Masonry
  - YIForm (from `../`)

SPEC REPOS:
  trunk:
    - Masonry

EXTERNAL SOURCES:
  YIForm:
    :path: "../"

SPEC CHECKSUMS:
  Masonry: 678fab65091a9290e40e2832a55e7ab731aad201
  YIForm: 027cf21df380487426bc11de1c4f77b32ff578d7

PODFILE CHECKSUM: 4c691d81b545cfa6f42ba9e156b758ad7022bb65

COCOAPODS: 1.10.0
